
Microsoft Visual Studio Solution File, Format Version 12.00
# Visual Studio Version 17
VisualStudioVersion = 17.9.34728.123
MinimumVisualStudioVersion = 10.0.40219.1
Project("{9A19103F-16F7-4668-BE54-9A1E7A4F7556}") = "FinTechBank", "FinTechBank\FinTechBank.csproj", "{FFF20882-BBC6-42EE-A42C-4D4640BF7E8E}"
EndProject
Project("{9A19103F-16F7-4668-BE54-9A1E7A4F7556}") = "FinTechBank.DataAccess", "FinTechBank.DataAccess\FinTechBank.DataAccess.csproj", "{CA3B1AED-4CF6-4EB5-9EC9-D9E0E8CDE3D8}"
EndProject
Project("{9A19103F-16F7-4668-BE54-9A1E7A4F7556}") = "FinTechBank.Domain", "FinTechBank.Domain\FinTechBank.Domain.csproj", "{FE87ECAE-8A29-427E-9558-D1D7A864A03B}"
EndProject
Project("{9A19103F-16F7-4668-BE54-9A1E7A4F7556}") = "FinTechBank.BusinessLogic", "FinTechBank.BusinessLogic\FinTechBank.BusinessLogic.csproj", "{6BAD67AC-C3D8-4051-970B-E9FA8FFFBA6E}"
EndProject
Project("{FAE04EC0-301F-11D3-BF4B-00C04F79EFBC}") = "FinTechBank.Test", "FinTechBank.Test\FinTechBank.Test.csproj", "{3AC6E248-EDF6-4AF4-9A1E-C41B4AFF51C2}"
EndProject
Global
	GlobalSection(SolutionConfigurationPlatforms) = preSolution
		Debug|Any CPU = Debug|Any CPU
		Release|Any CPU = Release|Any CPU
	EndGlobalSection
	GlobalSection(ProjectConfigurationPlatforms) = postSolution
		{FFF20882-BBC6-42EE-A42C-4D4640BF7E8E}.Debug|Any CPU.ActiveCfg = Debug|Any CPU
		{FFF20882-BBC6-42EE-A42C-4D4640BF7E8E}.Debug|Any CPU.Build.0 = Debug|Any CPU
		{FFF20882-BBC6-42EE-A42C-4D4640BF7E8E}.Release|Any CPU.ActiveCfg = Release|Any CPU
		{FFF20882-BBC6-42EE-A42C-4D4640BF7E8E}.Release|Any CPU.Build.0 = Release|Any CPU
		{CA3B1AED-4CF6-4EB5-9EC9-D9E0E8CDE3D8}.Debug|Any CPU.ActiveCfg = Debug|Any CPU
		{CA3B1AED-4CF6-4EB5-9EC9-D9E0E8CDE3D8}.Debug|Any CPU.Build.0 = Debug|Any CPU
		{CA3B1AED-4CF6-4EB5-9EC9-D9E0E8CDE3D8}.Release|Any CPU.ActiveCfg = Release|Any CPU
		{CA3B1AED-4CF6-4EB5-9EC9-D9E0E8CDE3D8}.Release|Any CPU.Build.0 = Release|Any CPU
		{FE87ECAE-8A29-427E-9558-D1D7A864A03B}.Debug|Any CPU.ActiveCfg = Debug|Any CPU
		{FE87ECAE-8A29-427E-9558-D1D7A864A03B}.Debug|Any CPU.Build.0 = Debug|Any CPU
		{FE87ECAE-8A29-427E-9558-D1D7A864A03B}.Release|Any CPU.ActiveCfg = Release|Any CPU
		{FE87ECAE-8A29-427E-9558-D1D7A864A03B}.Release|Any CPU.Build.0 = Release|Any CPU
		{6BAD67AC-C3D8-4051-970B-E9FA8FFFBA6E}.Debug|Any CPU.ActiveCfg = Debug|Any CPU
		{6BAD67AC-C3D8-4051-970B-E9FA8FFFBA6E}.Debug|Any CPU.Build.0 = Debug|Any CPU
		{6BAD67AC-C3D8-4051-970B-E9FA8FFFBA6E}.Release|Any CPU.ActiveCfg = Release|Any CPU
		{6BAD67AC-C3D8-4051-970B-E9FA8FFFBA6E}.Release|Any CPU.Build.0 = Release|Any CPU
		{3AC6E248-EDF6-4AF4-9A1E-C41B4AFF51C2}.Debug|Any CPU.ActiveCfg = Debug|Any CPU
		{3AC6E248-EDF6-4AF4-9A1E-C41B4AFF51C2}.Debug|Any CPU.Build.0 = Debug|Any CPU
		{3AC6E248-EDF6-4AF4-9A1E-C41B4AFF51C2}.Release|Any CPU.ActiveCfg = Release|Any CPU
		{3AC6E248-EDF6-4AF4-9A1E-C41B4AFF51C2}.Release|Any CPU.Build.0 = Release|Any CPU
	EndGlobalSection
	GlobalSection(SolutionProperties) = preSolution
		HideSolutionNode = FALSE
	EndGlobalSection
	GlobalSection(ExtensibilityGlobals) = postSolution
		SolutionGuid = {2C637D29-1052-44C8-82BA-89DA1ED818C3}
	EndGlobalSection
EndGlobal
